
Microsoft Visual Studio Solution File, Format Version 12.00
# Visual Studio Version 17
VisualStudioVersion = 17.14.36301.6
MinimumVisualStudioVersion = 10.0.40219.1
Project("{FAE04EC0-301F-11D3-BF4B-00C04F79EFBC}") = "GenericFileImportServices", "GenericFileImportServices\GenericFileImportServices.csproj", "{516DCCB7-D5B2-4F9A-92CD-DAA4C9537083}"
EndProject
Project("{2150E333-8FDC-42A3-9474-1A3956D46DE8}") = "Solution Items", "Solution Items", "{02EA681E-C7D8-13C7-8484-4AC65E1B71E8}"
	ProjectSection(SolutionItems) = preProject
		.gitlab-ci.yml = .gitlab-ci.yml
		README.md = README.md
	EndProjectSection
EndProject
Project("{FAE04EC0-301F-11D3-BF4B-00C04F79EFBC}") = "GenericFileImportServices.Tests", "GenericFileImportServices.Tests\GenericFileImportServices.Tests.csproj", "{0A3BD469-F90F-4939-8F1D-D9C10716804F}"
EndProject
Project("{FAE04EC0-301F-11D3-BF4B-00C04F79EFBC}") = "GenericFileImportServices.Benchmarks", "GenericFileImportServices.Benchmarks\GenericFileImportServices.Benchmarks.csproj", "{345683E1-69CD-4BAB-98F0-A4B5210D220B}"
EndProject
Global
	GlobalSection(SolutionConfigurationPlatforms) = preSolution
		Debug|Any CPU = Debug|Any CPU
		Debug|x64 = Debug|x64
		Debug|x86 = Debug|x86
		Release|Any CPU = Release|Any CPU
		Release|x64 = Release|x64
		Release|x86 = Release|x86
	EndGlobalSection
	GlobalSection(ProjectConfigurationPlatforms) = postSolution
		{516DCCB7-D5B2-4F9A-92CD-DAA4C9537083}.Debug|Any CPU.ActiveCfg = Debug|Any CPU
		{516DCCB7-D5B2-4F9A-92CD-DAA4C9537083}.Debug|Any CPU.Build.0 = Debug|Any CPU
		{516DCCB7-D5B2-4F9A-92CD-DAA4C9537083}.Debug|x64.ActiveCfg = Debug|Any CPU
		{516DCCB7-D5B2-4F9A-92CD-DAA4C9537083}.Debug|x64.Build.0 = Debug|Any CPU
		{516DCCB7-D5B2-4F9A-92CD-DAA4C9537083}.Debug|x86.ActiveCfg = Debug|Any CPU
		{516DCCB7-D5B2-4F9A-92CD-DAA4C9537083}.Debug|x86.Build.0 = Debug|Any CPU
		{516DCCB7-D5B2-4F9A-92CD-DAA4C9537083}.Release|Any CPU.ActiveCfg = Release|Any CPU
		{516DCCB7-D5B2-4F9A-92CD-DAA4C9537083}.Release|Any CPU.Build.0 = Release|Any CPU
		{516DCCB7-D5B2-4F9A-92CD-DAA4C9537083}.Release|x64.ActiveCfg = Release|Any CPU
		{516DCCB7-D5B2-4F9A-92CD-DAA4C9537083}.Release|x64.Build.0 = Release|Any CPU
		{516DCCB7-D5B2-4F9A-92CD-DAA4C9537083}.Release|x86.ActiveCfg = Release|Any CPU
		{516DCCB7-D5B2-4F9A-92CD-DAA4C9537083}.Release|x86.Build.0 = Release|Any CPU
		{0A3BD469-F90F-4939-8F1D-D9C10716804F}.Debug|Any CPU.ActiveCfg = Debug|Any CPU
		{0A3BD469-F90F-4939-8F1D-D9C10716804F}.Debug|Any CPU.Build.0 = Debug|Any CPU
		{0A3BD469-F90F-4939-8F1D-D9C10716804F}.Debug|x64.ActiveCfg = Debug|Any CPU
		{0A3BD469-F90F-4939-8F1D-D9C10716804F}.Debug|x64.Build.0 = Debug|Any CPU
		{0A3BD469-F90F-4939-8F1D-D9C10716804F}.Debug|x86.ActiveCfg = Debug|Any CPU
		{0A3BD469-F90F-4939-8F1D-D9C10716804F}.Debug|x86.Build.0 = Debug|Any CPU
		{0A3BD469-F90F-4939-8F1D-D9C10716804F}.Release|Any CPU.ActiveCfg = Release|Any CPU
		{0A3BD469-F90F-4939-8F1D-D9C10716804F}.Release|Any CPU.Build.0 = Release|Any CPU
		{0A3BD469-F90F-4939-8F1D-D9C10716804F}.Release|x64.ActiveCfg = Release|Any CPU
		{0A3BD469-F90F-4939-8F1D-D9C10716804F}.Release|x64.Build.0 = Release|Any CPU
		{0A3BD469-F90F-4939-8F1D-D9C10716804F}.Release|x86.ActiveCfg = Release|Any CPU
		{0A3BD469-F90F-4939-8F1D-D9C10716804F}.Release|x86.Build.0 = Release|Any CPU
		{345683E1-69CD-4BAB-98F0-A4B5210D220B}.Debug|Any CPU.ActiveCfg = Debug|Any CPU
		{345683E1-69CD-4BAB-98F0-A4B5210D220B}.Debug|Any CPU.Build.0 = Debug|Any CPU
		{345683E1-69CD-4BAB-98F0-A4B5210D220B}.Debug|x64.ActiveCfg = Debug|Any CPU
		{345683E1-69CD-4BAB-98F0-A4B5210D220B}.Debug|x64.Build.0 = Debug|Any CPU
		{345683E1-69CD-4BAB-98F0-A4B5210D220B}.Debug|x86.ActiveCfg = Debug|Any CPU
		{345683E1-69CD-4BAB-98F0-A4B5210D220B}.Debug|x86.Build.0 = Debug|Any CPU
		{345683E1-69CD-4BAB-98F0-A4B5210D220B}.Release|Any CPU.ActiveCfg = Release|Any CPU
		{345683E1-69CD-4BAB-98F0-A4B5210D220B}.Release|Any CPU.Build.0 = Release|Any CPU
		{345683E1-69CD-4BAB-98F0-A4B5210D220B}.Release|x64.ActiveCfg = Release|Any CPU
		{345683E1-69CD-4BAB-98F0-A4B5210D220B}.Release|x64.Build.0 = Release|Any CPU
		{345683E1-69CD-4BAB-98F0-A4B5210D220B}.Release|x86.ActiveCfg = Release|Any CPU
		{345683E1-69CD-4BAB-98F0-A4B5210D220B}.Release|x86.Build.0 = Release|Any CPU
	EndGlobalSection
	GlobalSection(SolutionProperties) = preSolution
		HideSolutionNode = FALSE
	EndGlobalSection
	GlobalSection(ExtensibilityGlobals) = postSolution
		SolutionGuid = {3B2011B6-3972-4FC3-A53E-8089F14685D4}
	EndGlobalSection
EndGlobal
